
Microsoft Visual Studio Solution File, Format Version 12.00
# Visual Studio Version 17
VisualStudioVersion = 17.9.34728.123
MinimumVisualStudioVersion = 10.0.40219.1
Project("{FAE04EC0-301F-11D3-BF4B-00C04F79EFBC}") = "VentanaModal", "VentanaModal\VentanaModal.csproj", "{45177242-C98F-47AF-B4B4-5EC9E79CBCC1}"
EndProject
Global
	GlobalSection(SolutionConfigurationPlatforms) = preSolution
		Debug|Any CPU = Debug|Any CPU
		Release|Any CPU = Release|Any CPU
	EndGlobalSection
	GlobalSection(ProjectConfigurationPlatforms) = postSolution
		{45177242-C98F-47AF-B4B4-5EC9E79CBCC1}.Debug|Any CPU.ActiveCfg = Debug|Any CPU
		{45177242-C98F-47AF-B4B4-5EC9E79CBCC1}.Debug|Any CPU.Build.0 = Debug|Any CPU
		{45177242-C98F-47AF-B4B4-5EC9E79CBCC1}.Release|Any CPU.ActiveCfg = Release|Any CPU
		{45177242-C98F-47AF-B4B4-5EC9E79CBCC1}.Release|Any CPU.Build.0 = Release|Any CPU
	EndGlobalSection
	GlobalSection(SolutionProperties) = preSolution
		HideSolutionNode = FALSE
	EndGlobalSection
	GlobalSection(ExtensibilityGlobals) = postSolution
		SolutionGuid = {5407ACA8-F908-4C38-B573-D01DC9C0FC91}
	EndGlobalSection
EndGlobal
